
Microsoft Visual Studio Solution File, Format Version 12.00
# Visual Studio Version 16
VisualStudioVersion = 16.0.28803.156
MinimumVisualStudioVersion = 10.0.40219.1
Project("{FAE04EC0-301F-11D3-BF4B-00C04F79EFBC}") = "BepInEx-Partiality-Wrapper", "BepInEx-Partiality-Wrapper\BepInEx-Partiality-Wrapper.csproj", "{15FFC242-62DB-4C19-91C0-182FCBC5E652}"
EndProject
Global
	GlobalSection(SolutionConfigurationPlatforms) = preSolution
		Debug|Any CPU = Debug|Any CPU
		Release|Any CPU = Release|Any CPU
	EndGlobalSection
	GlobalSection(ProjectConfigurationPlatforms) = postSolution
		{15FFC242-62DB-4C19-91C0-182FCBC5E652}.Debug|Any CPU.ActiveCfg = Debug|Any CPU
		{15FFC242-62DB-4C19-91C0-182FCBC5E652}.Debug|Any CPU.Build.0 = Debug|Any CPU
		{15FFC242-62DB-4C19-91C0-182FCBC5E652}.Release|Any CPU.ActiveCfg = Release|Any CPU
		{15FFC242-62DB-4C19-91C0-182FCBC5E652}.Release|Any CPU.Build.0 = Release|Any CPU
	EndGlobalSection
	GlobalSection(SolutionProperties) = preSolution
		HideSolutionNode = FALSE
	EndGlobalSection
	GlobalSection(ExtensibilityGlobals) = postSolution
		SolutionGuid = {B8407939-8591-4C2E-8DCD-6F98F35F6D39}
	EndGlobalSection
EndGlobal
